// !$*UTF8*$!
{
	archiveVersion = 1;
	classes = {
	};
	objectVersion = 56;
	objects = {

/* Begin PBXBuildFile section */
		1E5AD5A82C67727100786CD9 /* AppDelegate.swift in Sources */ = {isa = PBXBuildFile; fileRef = 1E5AD5A72C67727100786CD9 /* AppDelegate.swift */; };
		1E5AD5AA2C67727100786CD9 /* SceneDelegate.swift in Sources */ = {isa = PBXBuildFile; fileRef = 1E5AD5A92C67727100786CD9 /* SceneDelegate.swift */; };
		1E5AD5AC2C67727100786CD9 /* ViewController.swift in Sources */ = {isa = PBXBuildFile; fileRef = 1E5AD5AB2C67727100786CD9 /* ViewController.swift */; };
		1E5AD5AF2C67727100786CD9 /* Base in Resources */ = {isa = PBXBuildFile; fileRef = 1E5AD5AE2C67727100786CD9 /* Base */; };
		1E5AD5B12C67727200786CD9 /* Assets.xcassets in Resources */ = {isa = PBXBuildFile; fileRef = 1E5AD5B02C67727200786CD9 /* Assets.xcassets */; };
		1E5AD5B42C67727200786CD9 /* Base in Resources */ = {isa = PBXBuildFile; fileRef = 1E5AD5B32C67727200786CD9 /* Base */; };
		1E5AD5BF2C67727300786CD9 /* Snapchat_CloneTests.swift in Sources */ = {isa = PBXBuildFile; fileRef = 1E5AD5BE2C67727300786CD9 /* Snapchat_CloneTests.swift */; };
		1E5AD5C92C67727300786CD9 /* Snapchat_CloneUITests.swift in Sources */ = {isa = PBXBuildFile; fileRef = 1E5AD5C82C67727300786CD9 /* Snapchat_CloneUITests.swift */; };
		1E5AD5CB2C67727300786CD9 /* Snapchat_CloneUITestsLaunchTests.swift in Sources */ = {isa = PBXBuildFile; fileRef = 1E5AD5CA2C67727300786CD9 /* Snapchat_CloneUITestsLaunchTests.swift */; };
/* End PBXBuildFile section */

/* Begin PBXContainerItemProxy section */
		1E5AD5BB2C67727300786CD9 /* PBXContainerItemProxy */ = {
			isa = PBXContainerItemProxy;
			containerPortal = 1E5AD59C2C67727100786CD9 /* Project object */;
			proxyType = 1;
			remoteGlobalIDString = 1E5AD5A32C67727100786CD9;
			remoteInfo = "Snapchat-Clone";
		};
		1E5AD5C52C67727300786CD9 /* PBXContainerItemProxy */ = {
			isa = PBXContainerItemProxy;
			containerPortal = 1E5AD59C2C67727100786CD9 /* Project object */;
			proxyType = 1;
			remoteGlobalIDString = 1E5AD5A32C67727100786CD9;
			remoteInfo = "Snapchat-Clone";
		};
/* End PBXContainerItemProxy section */

/* Begin PBXFileReference section */
		1E5AD5A42C67727100786CD9 /* Snapchat-Clone.app */ = {isa = PBXFileReference; explicitFileType = wrapper.application; includeInIndex = 0; path = "Snapchat-Clone.app"; sourceTree = BUILT_PRODUCTS_DIR; };
		1E5AD5A72C67727100786CD9 /* AppDelegate.swift */ = {isa = PBXFileReference; lastKnownFileType = sourcecode.swift; path = AppDelegate.swift; sourceTree = "<group>"; };
		1E5AD5A92C67727100786CD9 /* SceneDelegate.swift */ = {isa = PBXFileReference; lastKnownFileType = sourcecode.swift; path = SceneDelegate.swift; sourceTree = "<group>"; };
		1E5AD5AB2C67727100786CD9 /* ViewController.swift */ = {isa = PBXFileReference; lastKnownFileType = sourcecode.swift; path = ViewController.swift; sourceTree = "<group>"; };
		1E5AD5AE2C67727100786CD9 /* Base */ = {isa = PBXFileReference; lastKnownFileType = file.storyboard; name = Base; path = Base.lproj/Main.storyboard; sourceTree = "<group>"; };
		1E5AD5B02C67727200786CD9 /* Assets.xcassets */ = {isa = PBXFileReference; lastKnownFileType = folder.assetcatalog; path = Assets.xcassets; sourceTree = "<group>"; };
		1E5AD5B32C67727200786CD9 /* Base */ = {isa = PBXFileReference; lastKnownFileType = file.storyboard; name = Base; path = Base.lproj/LaunchScreen.storyboard; sourceTree = "<group>"; };
		1E5AD5B52C67727200786CD9 /* Info.plist */ = {isa = PBXFileReference; lastKnownFileType = text.plist.xml; path = Info.plist; sourceTree = "<group>"; };
		1E5AD5BA2C67727300786CD9 /* Snapchat-CloneTests.xctest */ = {isa = PBXFileReference; explicitFileType = wrapper.cfbundle; includeInIndex = 0; path = "Snapchat-CloneTests.xctest"; sourceTree = BUILT_PRODUCTS_DIR; };
		1E5AD5BE2C67727300786CD9 /* Snapchat_CloneTests.swift */ = {isa = PBXFileReference; lastKnownFileType = sourcecode.swift; path = Snapchat_CloneTests.swift; sourceTree = "<group>"; };
		1E5AD5C42C67727300786CD9 /* Snapchat-CloneUITests.xctest */ = {isa = PBXFileReference; explicitFileType = wrapper.cfbundle; includeInIndex = 0; path = "Snapchat-CloneUITests.xctest"; sourceTree = BUILT_PRODUCTS_DIR; };
		1E5AD5C82C67727300786CD9 /* Snapchat_CloneUITests.swift */ = {isa = PBXFileReference; lastKnownFileType = sourcecode.swift; path = Snapchat_CloneUITests.swift; sourceTree = "<group>"; };
		1E5AD5CA2C67727300786CD9 /* Snapchat_CloneUITestsLaunchTests.swift */ = {isa = PBXFileReference; lastKnownFileType = sourcecode.swift; path = Snapchat_CloneUITestsLaunchTests.swift; sourceTree = "<group>"; };
/* End PBXFileReference section */

/* Begin PBXFrameworksBuildPhase section */
		1E5AD5A12C67727100786CD9 /* Frameworks */ = {
			isa = PBXFrameworksBuildPhase;
			buildActionMask = 2147483647;
			files = (
			);
			runOnlyForDeploymentPostprocessing = 0;
		};
		1E5AD5B72C67727300786CD9 /* Frameworks */ = {
			isa = PBXFrameworksBuildPhase;
			buildActionMask = 2147483647;
			files = (
			);
			runOnlyForDeploymentPostprocessing = 0;
		};
		1E5AD5C12C67727300786CD9 /* Frameworks */ = {
			isa = PBXFrameworksBuildPhase;
			buildActionMask = 2147483647;
			files = (
			);
			runOnlyForDeploymentPostprocessing = 0;
		};
/* End PBXFrameworksBuildPhase section */

/* Begin PBXGroup section */
		1E5AD59B2C67727100786CD9 = {
			isa = PBXGroup;
			children = (
				1E5AD5A62C67727100786CD9 /* Snapchat-Clone */,
				1E5AD5BD2C67727300786CD9 /* Snapchat-CloneTests */,
				1E5AD5C72C67727300786CD9 /* Snapchat-CloneUITests */,
				1E5AD5A52C67727100786CD9 /* Products */,
			);
			sourceTree = "<group>";
		};
		1E5AD5A52C67727100786CD9 /* Products */ = {
			isa = PBXGroup;
			children = (
				1E5AD5A42C67727100786CD9 /* Snapchat-Clone.app */,
				1E5AD5BA2C67727300786CD9 /* Snapchat-CloneTests.xctest */,
				1E5AD5C42C67727300786CD9 /* Snapchat-CloneUITests.xctest */,
			);
			name = Products;
			sourceTree = "<group>";
		};
		1E5AD5A62C67727100786CD9 /* Snapchat-Clone */ = {
			isa = PBXGroup;
			children = (
				1E5AD5A72C67727100786CD9 /* AppDelegate.swift */,
				1E5AD5A92C67727100786CD9 /* SceneDelegate.swift */,
				1E5AD5AB2C67727100786CD9 /* ViewController.swift */,
				1E5AD5AD2C67727100786CD9 /* Main.storyboard */,
				1E5AD5B02C67727200786CD9 /* Assets.xcassets */,
				1E5AD5B22C67727200786CD9 /* LaunchScreen.storyboard */,
				1E5AD5B52C67727200786CD9 /* Info.plist */,
			);
			path = "Snapchat-Clone";
			sourceTree = "<group>";
		};
		1E5AD5BD2C67727300786CD9 /* Snapchat-CloneTests */ = {
			isa = PBXGroup;
			children = (
				1E5AD5BE2C67727300786CD9 /* Snapchat_CloneTests.swift */,
			);
			path = "Snapchat-CloneTests";
			sourceTree = "<group>";
		};
		1E5AD5C72C67727300786CD9 /* Snapchat-CloneUITests */ = {
			isa = PBXGroup;
			children = (
				1E5AD5C82C67727300786CD9 /* Snapchat_CloneUITests.swift */,
				1E5AD5CA2C67727300786CD9 /* Snapchat_CloneUITestsLaunchTests.swift */,
			);
			path = "Snapchat-CloneUITests";
			sourceTree = "<group>";
		};
/* End PBXGroup section */

/* Begin PBXNativeTarget section */
		1E5AD5A32C67727100786CD9 /* Snapchat-Clone */ = {
			isa = PBXNativeTarget;
			buildConfigurationList = 1E5AD5CE2C67727300786CD9 /* Build configuration list for PBXNativeTarget "Snapchat-Clone" */;
			buildPhases = (
				1E5AD5A02C67727100786CD9 /* Sources */,
				1E5AD5A12C67727100786CD9 /* Frameworks */,
				1E5AD5A22C67727100786CD9 /* Resources */,
			);
			buildRules = (
			);
			dependencies = (
			);
			name = "Snapchat-Clone";
			productName = "Snapchat-Clone";
			productReference = 1E5AD5A42C67727100786CD9 /* Snapchat-Clone.app */;
			productType = "com.apple.product-type.application";
		};
		1E5AD5B92C67727300786CD9 /* Snapchat-CloneTests */ = {
			isa = PBXNativeTarget;
			buildConfigurationList = 1E5AD5D12C67727300786CD9 /* Build configuration list for PBXNativeTarget "Snapchat-CloneTests" */;
			buildPhases = (
				1E5AD5B62C67727300786CD9 /* Sources */,
				1E5AD5B72C67727300786CD9 /* Frameworks */,
				1E5AD5B82C67727300786CD9 /* Resources */,
			);
			buildRules = (
			);
			dependencies = (
				1E5AD5BC2C67727300786CD9 /* PBXTargetDependency */,
			);
			name = "Snapchat-CloneTests";
			productName = "Snapchat-CloneTests";
			productReference = 1E5AD5BA2C67727300786CD9 /* Snapchat-CloneTests.xctest */;
			productType = "com.apple.product-type.bundle.unit-test";
		};
		1E5AD5C32C67727300786CD9 /* Snapchat-CloneUITests */ = {
			isa = PBXNativeTarget;
			buildConfigurationList = 1E5AD5D42C67727300786CD9 /* Build configuration list for PBXNativeTarget "Snapchat-CloneUITests" */;
			buildPhases = (
				1E5AD5C02C67727300786CD9 /* Sources */,
				1E5AD5C12C67727300786CD9 /* Frameworks */,
				1E5AD5C22C67727300786CD9 /* Resources */,
			);
			buildRules = (
			);
			dependencies = (
				1E5AD5C62C67727300786CD9 /* PBXTargetDependency */,
			);
			name = "Snapchat-CloneUITests";
			productName = "Snapchat-CloneUITests";
			productReference = 1E5AD5C42C67727300786CD9 /* Snapchat-CloneUITests.xctest */;
			productType = "com.apple.product-type.bundle.ui-testing";
		};
/* End PBXNativeTarget section */

/* Begin PBXProject section */
		1E5AD59C2C67727100786CD9 /* Project object */ = {
			isa = PBXProject;
			attributes = {
				BuildIndependentTargetsInParallel = 1;
				LastSwiftUpdateCheck = 1540;
				LastUpgradeCheck = 1540;
				TargetAttributes = {
					1E5AD5A32C67727100786CD9 = {
						CreatedOnToolsVersion = 15.4;
					};
					1E5AD5B92C67727300786CD9 = {
						CreatedOnToolsVersion = 15.4;
						TestTargetID = 1E5AD5A32C67727100786CD9;
					};
					1E5AD5C32C67727300786CD9 = {
						CreatedOnToolsVersion = 15.4;
						TestTargetID = 1E5AD5A32C67727100786CD9;
					};
				};
			};
			buildConfigurationList = 1E5AD59F2C67727100786CD9 /* Build configuration list for PBXProject "Snapchat-Clone" */;
			compatibilityVersion = "Xcode 14.0";
			developmentRegion = en;
			hasScannedForEncodings = 0;
			knownRegions = (
				en,
				Base,
			);
			mainGroup = 1E5AD59B2C67727100786CD9;
			productRefGroup = 1E5AD5A52C67727100786CD9 /* Products */;
			projectDirPath = "";
			projectRoot = "";
			targets = (
				1E5AD5A32C67727100786CD9 /* Snapchat-Clone */,
				1E5AD5B92C67727300786CD9 /* Snapchat-CloneTests */,
				1E5AD5C32C67727300786CD9 /* Snapchat-CloneUITests */,
			);
		};
/* End PBXProject section */

/* Begin PBXResourcesBuildPhase section */
		1E5AD5A22C67727100786CD9 /* Resources */ = {
			isa = PBXResourcesBuildPhase;
			buildActionMask = 2147483647;
			files = (
				1E5AD5B12C67727200786CD9 /* Assets.xcassets in Resources */,
				1E5AD5B42C67727200786CD9 /* Base in Resources */,
				1E5AD5AF2C67727100786CD9 /* Base in Resources */,
			);
			runOnlyForDeploymentPostprocessing = 0;
		};
		1E5AD5B82C67727300786CD9 /* Resources */ = {
			isa = PBXResourcesBuildPhase;
			buildActionMask = 2147483647;
			files = (
			);
			runOnlyForDeploymentPostprocessing = 0;
		};
		1E5AD5C22C67727300786CD9 /* Resources */ = {
			isa = PBXResourcesBuildPhase;
			buildActionMask = 2147483647;
			files = (
			);
			runOnlyForDeploymentPostprocessing = 0;
		};
/* End PBXResourcesBuildPhase section */

/* Begin PBXSourcesBuildPhase section */
		1E5AD5A02C67727100786CD9 /* Sources */ = {
			isa = PBXSourcesBuildPhase;
			buildActionMask = 2147483647;
			files = (
				1E5AD5AC2C67727100786CD9 /* ViewController.swift in Sources */,
				1E5AD5A82C67727100786CD9 /* AppDelegate.swift in Sources */,
				1E5AD5AA2C67727100786CD9 /* SceneDelegate.swift in Sources */,
			);
			runOnlyForDeploymentPostprocessing = 0;
		};
		1E5AD5B62C67727300786CD9 /* Sources */ = {
			isa = PBXSourcesBuildPhase;
			buildActionMask = 2147483647;
			files = (
				1E5AD5BF2C67727300786CD9 /* Snapchat_CloneTests.swift in Sources */,
			);
			runOnlyForDeploymentPostprocessing = 0;
		};
		1E5AD5C02C67727300786CD9 /* Sources */ = {
			isa = PBXSourcesBuildPhase;
			buildActionMask = 2147483647;
			files = (
				1E5AD5CB2C67727300786CD9 /* Snapchat_CloneUITestsLaunchTests.swift in Sources */,
				1E5AD5C92C67727300786CD9 /* Snapchat_CloneUITests.swift in Sources */,
			);
			runOnlyForDeploymentPostprocessing = 0;
		};
/* End PBXSourcesBuildPhase section */

/* Begin PBXTargetDependency section */
		1E5AD5BC2C67727300786CD9 /* PBXTargetDependency */ = {
			isa = PBXTargetDependency;
			target = 1E5AD5A32C67727100786CD9 /* Snapchat-Clone */;
			targetProxy = 1E5AD5BB2C67727300786CD9 /* PBXContainerItemProxy */;
		};
		1E5AD5C62C67727300786CD9 /* PBXTargetDependency */ = {
			isa = PBXTargetDependency;
			target = 1E5AD5A32C67727100786CD9 /* Snapchat-Clone */;
			targetProxy = 1E5AD5C52C67727300786CD9 /* PBXContainerItemProxy */;
		};
/* End PBXTargetDependency section */

/* Begin PBXVariantGroup section */
		1E5AD5AD2C67727100786CD9 /* Main.storyboard */ = {
			isa = PBXVariantGroup;
			children = (
				1E5AD5AE2C67727100786CD9 /* Base */,
			);
			name = Main.storyboard;
			sourceTree = "<group>";
		};
		1E5AD5B22C67727200786CD9 /* LaunchScreen.storyboard */ = {
			isa = PBXVariantGroup;
			children = (
				1E5AD5B32C67727200786CD9 /* Base */,
			);
			name = LaunchScreen.storyboard;
			sourceTree = "<group>";
		};
/* End PBXVariantGroup section */

/* Begin XCBuildConfiguration section */
		1E5AD5CC2C67727300786CD9 /* Debug */ = {
			isa = XCBuildConfiguration;
			buildSettings = {
				ALWAYS_SEARCH_USER_PATHS = NO;
				ASSETCATALOG_COMPILER_GENERATE_SWIFT_ASSET_SYMBOL_EXTENSIONS = YES;
				CLANG_ANALYZER_NONNULL = YES;
				CLANG_ANALYZER_NUMBER_OBJECT_CONVERSION = YES_AGGRESSIVE;
				CLANG_CXX_LANGUAGE_STANDARD = "gnu++20";
				CLANG_ENABLE_MODULES = YES;
				CLANG_ENABLE_OBJC_ARC = YES;
				CLANG_ENABLE_OBJC_WEAK = YES;
				CLANG_WARN_BLOCK_CAPTURE_AUTORELEASING = YES;
				CLANG_WARN_BOOL_CONVERSION = YES;
				CLANG_WARN_COMMA = YES;
				CLANG_WARN_CONSTANT_CONVERSION = YES;
				CLANG_WARN_DEPRECATED_OBJC_IMPLEMENTATIONS = YES;
				CLANG_WARN_DIRECT_OBJC_ISA_USAGE = YES_ERROR;
				CLANG_WARN_DOCUMENTATION_COMMENTS = YES;
				CLANG_WARN_EMPTY_BODY = YES;
				CLANG_WARN_ENUM_CONVERSION = YES;
				CLANG_WARN_INFINITE_RECURSION = YES;
				CLANG_WARN_INT_CONVERSION = YES;
				CLANG_WARN_NON_LITERAL_NULL_CONVERSION = YES;
				CLANG_WARN_OBJC_IMPLICIT_RETAIN_SELF = YES;
				CLANG_WARN_OBJC_LITERAL_CONVERSION = YES;
				CLANG_WARN_OBJC_ROOT_CLASS = YES_ERROR;
				CLANG_WARN_QUOTED_INCLUDE_IN_FRAMEWORK_HEADER = YES;
				CLANG_WARN_RANGE_LOOP_ANALYSIS = YES;
				CLANG_WARN_STRICT_PROTOTYPES = YES;
				CLANG_WARN_SUSPICIOUS_MOVE = YES;
				CLANG_WARN_UNGUARDED_AVAILABILITY = YES_AGGRESSIVE;
				CLANG_WARN_UNREACHABLE_CODE = YES;
				CLANG_WARN__DUPLICATE_METHOD_MATCH = YES;
				COPY_PHASE_STRIP = NO;
				DEBUG_INFORMATION_FORMAT = dwarf;
				ENABLE_STRICT_OBJC_MSGSEND = YES;
				ENABLE_TESTABILITY = YES;
				ENABLE_USER_SCRIPT_SANDBOXING = YES;
				GCC_C_LANGUAGE_STANDARD = gnu17;
				GCC_DYNAMIC_NO_PIC = NO;
				GCC_NO_COMMON_BLOCKS = YES;
				GCC_OPTIMIZATION_LEVEL = 0;
				GCC_PREPROCESSOR_DEFINITIONS = (
					"DEBUG=1",
					"$(inherited)",
				);
				GCC_WARN_64_TO_32_BIT_CONVERSION = YES;
				GCC_WARN_ABOUT_RETURN_TYPE = YES_ERROR;
				GCC_WARN_UNDECLARED_SELECTOR = YES;
				GCC_WARN_UNINITIALIZED_AUTOS = YES_AGGRESSIVE;
				GCC_WARN_UNUSED_FUNCTION = YES;
				GCC_WARN_UNUSED_VARIABLE = YES;
				IPHONEOS_DEPLOYMENT_TARGET = 17.5;
				LOCALIZATION_PREFERS_STRING_CATALOGS = YES;
				MTL_ENABLE_DEBUG_INFO = INCLUDE_SOURCE;
				MTL_FAST_MATH = YES;
				ONLY_ACTIVE_ARCH = YES;
				SDKROOT = iphoneos;
				SWIFT_ACTIVE_COMPILATION_CONDITIONS = "DEBUG $(inherited)";
				SWIFT_OPTIMIZATION_LEVEL = "-Onone";
			};
			name = Debug;
		};
		1E5AD5CD2C67727300786CD9 /* Release */ = {
			isa = XCBuildConfiguration;
			buildSettings = {
				ALWAYS_SEARCH_USER_PATHS = NO;
				ASSETCATALOG_COMPILER_GENERATE_SWIFT_ASSET_SYMBOL_EXTENSIONS = YES;
				CLANG_ANALYZER_NONNULL = YES;
				CLANG_ANALYZER_NUMBER_OBJECT_CONVERSION = YES_AGGRESSIVE;
				CLANG_CXX_LANGUAGE_STANDARD = "gnu++20";
				CLANG_ENABLE_MODULES = YES;
				CLANG_ENABLE_OBJC_ARC = YES;
				CLANG_ENABLE_OBJC_WEAK = YES;
				CLANG_WARN_BLOCK_CAPTURE_AUTORELEASING = YES;
				CLANG_WARN_BOOL_CONVERSION = YES;
				CLANG_WARN_COMMA = YES;
				CLANG_WARN_CONSTANT_CONVERSION = YES;
				CLANG_WARN_DEPRECATED_OBJC_IMPLEMENTATIONS = YES;
				CLANG_WARN_DIRECT_OBJC_ISA_USAGE = YES_ERROR;
				CLANG_WARN_DOCUMENTATION_COMMENTS = YES;
				CLANG_WARN_EMPTY_BODY = YES;
				CLANG_WARN_ENUM_CONVERSION = YES;
				CLANG_WARN_INFINITE_RECURSION = YES;
				CLANG_WARN_INT_CONVERSION = YES;
				CLANG_WARN_NON_LITERAL_NULL_CONVERSION = YES;
				CLANG_WARN_OBJC_IMPLICIT_RETAIN_SELF = YES;
				CLANG_WARN_OBJC_LITERAL_CONVERSION = YES;
				CLANG_WARN_OBJC_ROOT_CLASS = YES_ERROR;
				CLANG_WARN_QUOTED_INCLUDE_IN_FRAMEWORK_HEADER = YES;
				CLANG_WARN_RANGE_LOOP_ANALYSIS = YES;
				CLANG_WARN_STRICT_PROTOTYPES = YES;
				CLANG_WARN_SUSPICIOUS_MOVE = YES;
				CLANG_WARN_UNGUARDED_AVAILABILITY = YES_AGGRESSIVE;
				CLANG_WARN_UNREACHABLE_CODE = YES;
				CLANG_WARN__DUPLICATE_METHOD_MATCH = YES;
				COPY_PHASE_STRIP = NO;
				DEBUG_INFORMATION_FORMAT = "dwarf-with-dsym";
				ENABLE_NS_ASSERTIONS = NO;
				ENABLE_STRICT_OBJC_MSGSEND = YES;
				ENABLE_USER_SCRIPT_SANDBOXING = YES;
				GCC_C_LANGUAGE_STANDARD = gnu17;
				GCC_NO_COMMON_BLOCKS = YES;
				GCC_WARN_64_TO_32_BIT_CONVERSION = YES;
				GCC_WARN_ABOUT_RETURN_TYPE = YES_ERROR;
				GCC_WARN_UNDECLARED_SELECTOR = YES;
				GCC_WARN_UNINITIALIZED_AUTOS = YES_AGGRESSIVE;
				GCC_WARN_UNUSED_FUNCTION = YES;
				GCC_WARN_UNUSED_VARIABLE = YES;
				IPHONEOS_DEPLOYMENT_TARGET = 17.5;
				LOCALIZATION_PREFERS_STRING_CATALOGS = YES;
				MTL_ENABLE_DEBUG_INFO = NO;
				MTL_FAST_MATH = YES;
				SDKROOT = iphoneos;
				SWIFT_COMPILATION_MODE = wholemodule;
				VALIDATE_PRODUCT = YES;
			};
			name = Release;
		};
		1E5AD5CF2C67727300786CD9 /* Debug */ = {
			isa = XCBuildConfiguration;
			buildSettings = {
				ASSETCATALOG_COMPILER_APPICON_NAME = AppIcon;
				ASSETCATALOG_COMPILER_GLOBAL_ACCENT_COLOR_NAME = AccentColor;
				CODE_SIGN_STYLE = Automatic;
				CURRENT_PROJECT_VERSION = 1;
				GENERATE_INFOPLIST_FILE = YES;
				INFOPLIST_FILE = "Snapchat-Clone/Info.plist";
				INFOPLIST_KEY_UIApplicationSupportsIndirectInputEvents = YES;
				INFOPLIST_KEY_UILaunchStoryboardName = LaunchScreen;
				INFOPLIST_KEY_UIMainStoryboardFile = Main;
				INFOPLIST_KEY_UISupportedInterfaceOrientations_iPad = "UIInterfaceOrientationPortrait UIInterfaceOrientationPortraitUpsideDown UIInterfaceOrientationLandscapeLeft UIInterfaceOrientationLandscapeRight";
				INFOPLIST_KEY_UISupportedInterfaceOrientations_iPhone = "UIInterfaceOrientationPortrait UIInterfaceOrientationLandscapeLeft UIInterfaceOrientationLandscapeRight";
				LD_RUNPATH_SEARCH_PATHS = (
					"$(inherited)",
					"@executable_path/Frameworks",
				);
				MARKETING_VERSION = 1.0;
				PRODUCT_BUNDLE_IDENTIFIER = "Sabri.Snapchat-Clone";
				PRODUCT_NAME = "$(TARGET_NAME)";
				SWIFT_EMIT_LOC_STRINGS = YES;
				SWIFT_VERSION = 5.0;
				TARGETED_DEVICE_FAMILY = "1,2";
			};
			name = Debug;
		};
		1E5AD5D02C67727300786CD9 /* Release */ = {
			isa = XCBuildConfiguration;
			buildSettings = {
				ASSETCATALOG_COMPILER_APPICON_NAME = AppIcon;
				ASSETCATALOG_COMPILER_GLOBAL_ACCENT_COLOR_NAME = AccentColor;
				CODE_SIGN_STYLE = Automatic;
				CURRENT_PROJECT_VERSION = 1;
				GENERATE_INFOPLIST_FILE = YES;
				INFOPLIST_FILE = "Snapchat-Clone/Info.plist";
				INFOPLIST_KEY_UIApplicationSupportsIndirectInputEvents = YES;
				INFOPLIST_KEY_UILaunchStoryboardName = LaunchScreen;
				INFOPLIST_KEY_UIMainStoryboardFile = Main;
				INFOPLIST_KEY_UISupportedInterfaceOrientations_iPad = "UIInterfaceOrientationPortrait UIInterfaceOrientationPortraitUpsideDown UIInterfaceOrientationLandscapeLeft UIInterfaceOrientationLandscapeRight";
				INFOPLIST_KEY_UISupportedInterfaceOrientations_iPhone = "UIInterfaceOrientationPortrait UIInterfaceOrientationLandscapeLeft UIInterfaceOrientationLandscapeRight";
				LD_RUNPATH_SEARCH_PATHS = (
					"$(inherited)",
					"@executable_path/Frameworks",
				);
				MARKETING_VERSION = 1.0;
				PRODUCT_BUNDLE_IDENTIFIER = "Sabri.Snapchat-Clone";
				PRODUCT_NAME = "$(TARGET_NAME)";
				SWIFT_EMIT_LOC_STRINGS = YES;
				SWIFT_VERSION = 5.0;
				TARGETED_DEVICE_FAMILY = "1,2";
			};
			name = Release;
		};
		1E5AD5D22C67727300786CD9 /* Debug */ = {
			isa = XCBuildConfiguration;
			buildSettings = {
				ALWAYS_EMBED_SWIFT_STANDARD_LIBRARIES = YES;
				BUNDLE_LOADER = "$(TEST_HOST)";
				CODE_SIGN_STYLE = Automatic;
				CURRENT_PROJECT_VERSION = 1;
				GENERATE_INFOPLIST_FILE = YES;
				IPHONEOS_DEPLOYMENT_TARGET = 17.5;
				MARKETING_VERSION = 1.0;
				PRODUCT_BUNDLE_IDENTIFIER = "Sabri.Snapchat-CloneTests";
				PRODUCT_NAME = "$(TARGET_NAME)";
				SWIFT_EMIT_LOC_STRINGS = NO;
				SWIFT_VERSION = 5.0;
				TARGETED_DEVICE_FAMILY = "1,2";
				TEST_HOST = "$(BUILT_PRODUCTS_DIR)/Snapchat-Clone.app/$(BUNDLE_EXECUTABLE_FOLDER_PATH)/Snapchat-Clone";
			};
			name = Debug;
		};
		1E5AD5D32C67727300786CD9 /* Release */ = {
			isa = XCBuildConfiguration;
			buildSettings = {
				ALWAYS_EMBED_SWIFT_STANDARD_LIBRARIES = YES;
				BUNDLE_LOADER = "$(TEST_HOST)";
				CODE_SIGN_STYLE = Automatic;
				CURRENT_PROJECT_VERSION = 1;
				GENERATE_INFOPLIST_FILE = YES;
				IPHONEOS_DEPLOYMENT_TARGET = 17.5;
				MARKETING_VERSION = 1.0;
				PRODUCT_BUNDLE_IDENTIFIER = "Sabri.Snapchat-CloneTests";
				PRODUCT_NAME = "$(TARGET_NAME)";
				SWIFT_EMIT_LOC_STRINGS = NO;
				SWIFT_VERSION = 5.0;
				TARGETED_DEVICE_FAMILY = "1,2";
				TEST_HOST = "$(BUILT_PRODUCTS_DIR)/Snapchat-Clone.app/$(BUNDLE_EXECUTABLE_FOLDER_PATH)/Snapchat-Clone";
			};
			name = Release;
		};
		1E5AD5D52C67727300786CD9 /* Debug */ = {
			isa = XCBuildConfiguration;
			buildSettings = {
				ALWAYS_EMBED_SWIFT_STANDARD_LIBRARIES = YES;
				CODE_SIGN_STYLE = Automatic;
				CURRENT_PROJECT_VERSION = 1;
				GENERATE_INFOPLIST_FILE = YES;
				MARKETING_VERSION = 1.0;
				PRODUCT_BUNDLE_IDENTIFIER = "Sabri.Snapchat-CloneUITests";
				PRODUCT_NAME = "$(TARGET_NAME)";
				SWIFT_EMIT_LOC_STRINGS = NO;
				SWIFT_VERSION = 5.0;
				TARGETED_DEVICE_FAMILY = "1,2";
				TEST_TARGET_NAME = "Snapchat-Clone";
			};
			name = Debug;
		};
		1E5AD5D62C67727300786CD9 /* Release */ = {
			isa = XCBuildConfiguration;
			buildSettings = {
				ALWAYS_EMBED_SWIFT_STANDARD_LIBRARIES = YES;
				CODE_SIGN_STYLE = Automatic;
				CURRENT_PROJECT_VERSION = 1;
				GENERATE_INFOPLIST_FILE = YES;
				MARKETING_VERSION = 1.0;
				PRODUCT_BUNDLE_IDENTIFIER = "Sabri.Snapchat-CloneUITests";
				PRODUCT_NAME = "$(TARGET_NAME)";
				SWIFT_EMIT_LOC_STRINGS = NO;
				SWIFT_VERSION = 5.0;
				TARGETED_DEVICE_FAMILY = "1,2";
				TEST_TARGET_NAME = "Snapchat-Clone";
			};
			name = Release;
		};
/* End XCBuildConfiguration section */

/* Begin XCConfigurationList section */
		1E5AD59F2C67727100786CD9 /* Build configuration list for PBXProject "Snapchat-Clone" */ = {
			isa = XCConfigurationList;
			buildConfigurations = (
				1E5AD5CC2C67727300786CD9 /* Debug */,
				1E5AD5CD2C67727300786CD9 /* Release */,
			);
			defaultConfigurationIsVisible = 0;
			defaultConfigurationName = Release;
		};
		1E5AD5CE2C67727300786CD9 /* Build configuration list for PBXNativeTarget "Snapchat-Clone" */ = {
			isa = XCConfigurationList;
			buildConfigurations = (
				1E5AD5CF2C67727300786CD9 /* Debug */,
				1E5AD5D02C67727300786CD9 /* Release */,
			);
			defaultConfigurationIsVisible = 0;
			defaultConfigurationName = Release;
		};
		1E5AD5D12C67727300786CD9 /* Build configuration list for PBXNativeTarget "Snapchat-CloneTests" */ = {
			isa = XCConfigurationList;
			buildConfigurations = (
				1E5AD5D22C67727300786CD9 /* Debug */,
				1E5AD5D32C67727300786CD9 /* Release */,
			);
			defaultConfigurationIsVisible = 0;
			defaultConfigurationName = Release;
		};
		1E5AD5D42C67727300786CD9 /* Build configuration list for PBXNativeTarget "Snapchat-CloneUITests" */ = {
			isa = XCConfigurationList;
			buildConfigurations = (
				1E5AD5D52C67727300786CD9 /* Debug */,
				1E5AD5D62C67727300786CD9 /* Release */,
			);
			defaultConfigurationIsVisible = 0;
			defaultConfigurationName = Release;
		};
/* End XCConfigurationList section */
	};
	rootObject = 1E5AD59C2C67727100786CD9 /* Project object */;
}
